# THIS IS AN AUTOGENERATED FILE. DO NOT EDIT THIS FILE DIRECTLY.
# yarn lockfile v1


expr-eval@^1.2.1:
  version "1.2.2"
  resolved "https://registry.yarnpkg.com/expr-eval/-/expr-eval-1.2.2.tgz#8b1a160b814e67da7652007e2693714895221ea0"
  integrity sha1-ixoWC4FOZ9p2UgB+JpNxSJUiHqA=

lodash@^4.17.13:
  version "4.17.13"
  resolved "https://registry.yarnpkg.com/lodash/-/lodash-4.17.13.tgz#0bdc3a6adc873d2f4e0c4bac285df91b64fc7b93"
  integrity sha512-vm3/XWXfWtRua0FkUyEHBZy8kCPjErNBT9fJx8Zvs+U6zjqPbTUOpkaoum3O5uiA8sm+yNMHXfYkTUHFoMxFNA==

percentile@^1.2.1:
  version "1.2.1"
  resolved "https://registry.yarnpkg.com/percentile/-/percentile-1.2.1.tgz#da59f88213c86498f6fd6b927577b20480983f61"
  integrity sha512-lZtxLEQeDfWtYZf84T/qw3QqfbnKujhxKqTzHIfFAmcfYYcjUFwf3NuCnG3DDqBPjrESgNAhLI15SnSOALBQXw==
